
Microsoft Visual Studio Solution File, Format Version 12.00
# Visual Studio Version 17
VisualStudioVersion = 17.4.33205.214
MinimumVisualStudioVersion = 10.0.40219.1
Project("{9A19103F-16F7-4668-BE54-9A1E7A4F7556}") = "ioDeviceEmulatorGUI", "ioDeviceEmulatorGUI\ioDeviceEmulatorGUI.csproj", "{8676A2B2-AD57-44CC-991A-80F34083A4AD}"
EndProject
Project("{9A19103F-16F7-4668-BE54-9A1E7A4F7556}") = "ioDeviceEmulator.Server", "ioDeviceEmulator\Server\ioDeviceEmulator.Server.csproj", "{9ED15C07-4884-46C3-A8F9-A4959481A1F6}"
EndProject
Project("{9A19103F-16F7-4668-BE54-9A1E7A4F7556}") = "ioDeviceEmulator.Client", "ioDeviceEmulator\Client\ioDeviceEmulator.Client.csproj", "{BD60A494-6574-48E3-A02C-AC22A40FFF4F}"
EndProject
Project("{9A19103F-16F7-4668-BE54-9A1E7A4F7556}") = "ioDeviceEmulator.Shared", "ioDeviceEmulator\Shared\ioDeviceEmulator.Shared.csproj", "{D52930F2-C452-43DC-9FBE-87C2C9C04CA4}"
EndProject
Global
	GlobalSection(SolutionConfigurationPlatforms) = preSolution
		Debug|Any CPU = Debug|Any CPU
		Release|Any CPU = Release|Any CPU
	EndGlobalSection
	GlobalSection(ProjectConfigurationPlatforms) = postSolution
		{8676A2B2-AD57-44CC-991A-80F34083A4AD}.Debug|Any CPU.ActiveCfg = Debug|Any CPU
		{8676A2B2-AD57-44CC-991A-80F34083A4AD}.Debug|Any CPU.Build.0 = Debug|Any CPU
		{8676A2B2-AD57-44CC-991A-80F34083A4AD}.Release|Any CPU.ActiveCfg = Release|Any CPU
		{8676A2B2-AD57-44CC-991A-80F34083A4AD}.Release|Any CPU.Build.0 = Release|Any CPU
		{9ED15C07-4884-46C3-A8F9-A4959481A1F6}.Debug|Any CPU.ActiveCfg = Debug|Any CPU
		{9ED15C07-4884-46C3-A8F9-A4959481A1F6}.Debug|Any CPU.Build.0 = Debug|Any CPU
		{9ED15C07-4884-46C3-A8F9-A4959481A1F6}.Release|Any CPU.ActiveCfg = Release|Any CPU
		{9ED15C07-4884-46C3-A8F9-A4959481A1F6}.Release|Any CPU.Build.0 = Release|Any CPU
		{BD60A494-6574-48E3-A02C-AC22A40FFF4F}.Debug|Any CPU.ActiveCfg = Debug|Any CPU
		{BD60A494-6574-48E3-A02C-AC22A40FFF4F}.Debug|Any CPU.Build.0 = Debug|Any CPU
		{BD60A494-6574-48E3-A02C-AC22A40FFF4F}.Release|Any CPU.ActiveCfg = Release|Any CPU
		{BD60A494-6574-48E3-A02C-AC22A40FFF4F}.Release|Any CPU.Build.0 = Release|Any CPU
		{D52930F2-C452-43DC-9FBE-87C2C9C04CA4}.Debug|Any CPU.ActiveCfg = Debug|Any CPU
		{D52930F2-C452-43DC-9FBE-87C2C9C04CA4}.Debug|Any CPU.Build.0 = Debug|Any CPU
		{D52930F2-C452-43DC-9FBE-87C2C9C04CA4}.Release|Any CPU.ActiveCfg = Release|Any CPU
		{D52930F2-C452-43DC-9FBE-87C2C9C04CA4}.Release|Any CPU.Build.0 = Release|Any CPU
	EndGlobalSection
	GlobalSection(SolutionProperties) = preSolution
		HideSolutionNode = FALSE
	EndGlobalSection
	GlobalSection(ExtensibilityGlobals) = postSolution
		SolutionGuid = {069E3C12-4FDA-4291-9DDC-FE77E1F178F9}
	EndGlobalSection
EndGlobal
