
Microsoft Visual Studio Solution File, Format Version 12.00
# Visual Studio Version 17
VisualStudioVersion = 17.0.31717.71
MinimumVisualStudioVersion = 10.0.40219.1
Project("{95721E2D-9609-417D-8AF9-2A662A918DD9}") = "MudBlazorTemplates1.Server", "Server\MudBlazorTemplates1.Server.csproj", "{77CC41F1-BF46-41F9-AB30-0D08F7FA333F}"
EndProject
Project("{95721E2D-9609-417D-8AF9-2A662A918DD9}") = "MudBlazorTemplates1.Client", "Client\MudBlazorTemplates1.Client.csproj", "{4EE5468C-EF34-4508-90CA-AAB5FDFF4735}"
EndProject
Project("{95721E2D-9609-417D-8AF9-2A662A918DD9}") = "MudBlazorTemplates1.Shared", "Shared\MudBlazorTemplates1.Shared.csproj", "{265DDE10-F873-486F-A9AE-5F10FC3D57A4}"
EndProject
Global
	GlobalSection(SolutionConfigurationPlatforms) = preSolution
		Debug|Any CPU = Debug|Any CPU
		Release|Any CPU = Release|Any CPU
	EndGlobalSection
	GlobalSection(ProjectConfigurationPlatforms) = postSolution
		{77CC41F1-BF46-41F9-AB30-0D08F7FA333F}.Debug|Any CPU.ActiveCfg = Debug|Any CPU
		{77CC41F1-BF46-41F9-AB30-0D08F7FA333F}.Debug|Any CPU.Build.0 = Debug|Any CPU
		{77CC41F1-BF46-41F9-AB30-0D08F7FA333F}.Release|Any CPU.ActiveCfg = Release|Any CPU
		{77CC41F1-BF46-41F9-AB30-0D08F7FA333F}.Release|Any CPU.Build.0 = Release|Any CPU
		{4EE5468C-EF34-4508-90CA-AAB5FDFF4735}.Debug|Any CPU.ActiveCfg = Debug|Any CPU
		{4EE5468C-EF34-4508-90CA-AAB5FDFF4735}.Debug|Any CPU.Build.0 = Debug|Any CPU
		{4EE5468C-EF34-4508-90CA-AAB5FDFF4735}.Release|Any CPU.ActiveCfg = Release|Any CPU
		{4EE5468C-EF34-4508-90CA-AAB5FDFF4735}.Release|Any CPU.Build.0 = Release|Any CPU
		{265DDE10-F873-486F-A9AE-5F10FC3D57A4}.Debug|Any CPU.ActiveCfg = Debug|Any CPU
		{265DDE10-F873-486F-A9AE-5F10FC3D57A4}.Debug|Any CPU.Build.0 = Debug|Any CPU
		{265DDE10-F873-486F-A9AE-5F10FC3D57A4}.Release|Any CPU.ActiveCfg = Release|Any CPU
		{265DDE10-F873-486F-A9AE-5F10FC3D57A4}.Release|Any CPU.Build.0 = Release|Any CPU
	EndGlobalSection
	GlobalSection(SolutionProperties) = preSolution
		HideSolutionNode = FALSE
	EndGlobalSection
	GlobalSection(ExtensibilityGlobals) = postSolution
		SolutionGuid = {5259A02E-BD8A-4244-97C7-93F337E77C81}
	EndGlobalSection
EndGlobal